
Microsoft Visual Studio Solution File, Format Version 12.00
# Visual Studio 15
VisualStudioVersion = 15.0.28307.271
MinimumVisualStudioVersion = 10.0.40219.1
Project("{FAE04EC0-301F-11D3-BF4B-00C04F79EFBC}") = "ToDo_List_Library", "ToDo_List_Library\ToDo_List_Library.csproj", "{A35B2855-CC0B-41DE-BEB0-5BB77CFD9105}"
EndProject
Global
	GlobalSection(SolutionConfigurationPlatforms) = preSolution
		Debug|Any CPU = Debug|Any CPU
		Release|Any CPU = Release|Any CPU
	EndGlobalSection
	GlobalSection(ProjectConfigurationPlatforms) = postSolution
		{A35B2855-CC0B-41DE-BEB0-5BB77CFD9105}.Debug|Any CPU.ActiveCfg = Debug|Any CPU
		{A35B2855-CC0B-41DE-BEB0-5BB77CFD9105}.Debug|Any CPU.Build.0 = Debug|Any CPU
		{A35B2855-CC0B-41DE-BEB0-5BB77CFD9105}.Release|Any CPU.ActiveCfg = Release|Any CPU
		{A35B2855-CC0B-41DE-BEB0-5BB77CFD9105}.Release|Any CPU.Build.0 = Release|Any CPU
	EndGlobalSection
	GlobalSection(SolutionProperties) = preSolution
		HideSolutionNode = FALSE
	EndGlobalSection
	GlobalSection(ExtensibilityGlobals) = postSolution
		SolutionGuid = {0E1F9962-9755-4E3B-8FDE-16D25EDF7952}
	EndGlobalSection
EndGlobal
