
Microsoft Visual Studio Solution File, Format Version 12.00
# Visual Studio 15
VisualStudioVersion = 15.0.28307.271
MinimumVisualStudioVersion = 10.0.40219.1
Project("{FAE04EC0-301F-11D3-BF4B-00C04F79EFBC}") = "Fibonacci_IEnumerable", "Fibonacci_IEnumerable\Fibonacci_IEnumerable.csproj", "{56575F4F-1E69-485A-B005-9E4F643B819D}"
EndProject
Global
	GlobalSection(SolutionConfigurationPlatforms) = preSolution
		Debug|Any CPU = Debug|Any CPU
		Release|Any CPU = Release|Any CPU
	EndGlobalSection
	GlobalSection(ProjectConfigurationPlatforms) = postSolution
		{56575F4F-1E69-485A-B005-9E4F643B819D}.Debug|Any CPU.ActiveCfg = Debug|Any CPU
		{56575F4F-1E69-485A-B005-9E4F643B819D}.Debug|Any CPU.Build.0 = Debug|Any CPU
		{56575F4F-1E69-485A-B005-9E4F643B819D}.Release|Any CPU.ActiveCfg = Release|Any CPU
		{56575F4F-1E69-485A-B005-9E4F643B819D}.Release|Any CPU.Build.0 = Release|Any CPU
	EndGlobalSection
	GlobalSection(SolutionProperties) = preSolution
		HideSolutionNode = FALSE
	EndGlobalSection
	GlobalSection(ExtensibilityGlobals) = postSolution
		SolutionGuid = {18886803-6FC9-49DE-9424-BD66D098BA51}
	EndGlobalSection
EndGlobal
